// !$*UTF8*$!
{
	archiveVersion = 1;
	classes = {
	};
	objectVersion = 56;
	objects = {

/* Begin PBXBuildFile section */
		25294FA32C852B1800FCA19B /* LabelExample.swift in Sources */ = {isa = PBXBuildFile; fileRef = 25294FA22C852B1800FCA19B /* LabelExample.swift */; };
		25294FA52C852BDB00FCA19B /* ButtonExample.swift in Sources */ = {isa = PBXBuildFile; fileRef = 25294FA42C852BDB00FCA19B /* ButtonExample.swift */; };
		25294FA72C852D7B00FCA19B /* TextFieldExample.swift in Sources */ = {isa = PBXBuildFile; fileRef = 25294FA62C852D7B00FCA19B /* TextFieldExample.swift */; };
		25294FA92C85329C00FCA19B /* MenuView.swift in Sources */ = {isa = PBXBuildFile; fileRef = 25294FA82C85329C00FCA19B /* MenuView.swift */; };
		25294FAC2C85361E00FCA19B /* IMCView.swift in Sources */ = {isa = PBXBuildFile; fileRef = 25294FAB2C85361E00FCA19B /* IMCView.swift */; };
		25294FAE2C85505600FCA19B /* IMCResult.swift in Sources */ = {isa = PBXBuildFile; fileRef = 25294FAD2C85505600FCA19B /* IMCResult.swift */; };
		25294FB02C855DD200FCA19B /* ListExample.swift in Sources */ = {isa = PBXBuildFile; fileRef = 25294FAF2C855DD200FCA19B /* ListExample.swift */; };
		25544B1A2C877CAF008F1861 /* MapExample.swift in Sources */ = {isa = PBXBuildFile; fileRef = 25544B192C877CAF008F1861 /* MapExample.swift */; };
		25544B1D2C8809B6008F1861 /* FavPlaces.swift in Sources */ = {isa = PBXBuildFile; fileRef = 25544B1C2C8809B6008F1861 /* FavPlaces.swift */; };
		25544B202C880F8F008F1861 /* Place.swift in Sources */ = {isa = PBXBuildFile; fileRef = 25544B1F2C880F8F008F1861 /* Place.swift */; };
		25544B222C881030008F1861 /* CustomDiolog.swift in Sources */ = {isa = PBXBuildFile; fileRef = 25544B212C881030008F1861 /* CustomDiolog.swift */; };
		2572F0482C8693E6002CBF70 /* SuperherSearcher.swift in Sources */ = {isa = PBXBuildFile; fileRef = 2572F0472C8693E6002CBF70 /* SuperherSearcher.swift */; };
		2572F04A2C869CD7002CBF70 /* ApiNetwork.swift in Sources */ = {isa = PBXBuildFile; fileRef = 2572F0492C869CD7002CBF70 /* ApiNetwork.swift */; };
		2572F04D2C86A446002CBF70 /* SDWebImageSwiftUI in Frameworks */ = {isa = PBXBuildFile; productRef = 2572F04C2C86A446002CBF70 /* SDWebImageSwiftUI */; };
		2572F04F2C86C196002CBF70 /* SuperheroDetail.swift in Sources */ = {isa = PBXBuildFile; fileRef = 2572F04E2C86C196002CBF70 /* SuperheroDetail.swift */; };
		25E827752C83F6B800C31F01 /* cursoIOSApp.swift in Sources */ = {isa = PBXBuildFile; fileRef = 25E827742C83F6B800C31F01 /* cursoIOSApp.swift */; };
		25E827772C83F6B800C31F01 /* Excercise1.swift in Sources */ = {isa = PBXBuildFile; fileRef = 25E827762C83F6B800C31F01 /* Excercise1.swift */; };
		25E827792C83F6B900C31F01 /* Assets.xcassets in Resources */ = {isa = PBXBuildFile; fileRef = 25E827782C83F6B900C31F01 /* Assets.xcassets */; };
		25E8277C2C83F6B900C31F01 /* Preview Assets.xcassets in Resources */ = {isa = PBXBuildFile; fileRef = 25E8277B2C83F6B900C31F01 /* Preview Assets.xcassets */; };
		25E827842C841DA300C31F01 /* MainView.swift in Sources */ = {isa = PBXBuildFile; fileRef = 25E827832C841DA300C31F01 /* MainView.swift */; };
		25E827872C84217D00C31F01 /* TextExample.swift in Sources */ = {isa = PBXBuildFile; fileRef = 25E827862C84217D00C31F01 /* TextExample.swift */; };
		25E827892C84230500C31F01 /* ImageExample.swift in Sources */ = {isa = PBXBuildFile; fileRef = 25E827882C84230500C31F01 /* ImageExample.swift */; };
/* End PBXBuildFile section */

/* Begin PBXFileReference section */
		25294FA22C852B1800FCA19B /* LabelExample.swift */ = {isa = PBXFileReference; lastKnownFileType = sourcecode.swift; path = LabelExample.swift; sourceTree = "<group>"; };
		25294FA42C852BDB00FCA19B /* ButtonExample.swift */ = {isa = PBXFileReference; lastKnownFileType = sourcecode.swift; path = ButtonExample.swift; sourceTree = "<group>"; };
		25294FA62C852D7B00FCA19B /* TextFieldExample.swift */ = {isa = PBXFileReference; lastKnownFileType = sourcecode.swift; path = TextFieldExample.swift; sourceTree = "<group>"; };
		25294FA82C85329C00FCA19B /* MenuView.swift */ = {isa = PBXFileReference; lastKnownFileType = sourcecode.swift; path = MenuView.swift; sourceTree = "<group>"; };
		25294FAB2C85361E00FCA19B /* IMCView.swift */ = {isa = PBXFileReference; lastKnownFileType = sourcecode.swift; path = IMCView.swift; sourceTree = "<group>"; };
		25294FAD2C85505600FCA19B /* IMCResult.swift */ = {isa = PBXFileReference; lastKnownFileType = sourcecode.swift; path = IMCResult.swift; sourceTree = "<group>"; };
		25294FAF2C855DD200FCA19B /* ListExample.swift */ = {isa = PBXFileReference; lastKnownFileType = sourcecode.swift; path = ListExample.swift; sourceTree = "<group>"; };
		25544B192C877CAF008F1861 /* MapExample.swift */ = {isa = PBXFileReference; lastKnownFileType = sourcecode.swift; path = MapExample.swift; sourceTree = "<group>"; };
		25544B1C2C8809B6008F1861 /* FavPlaces.swift */ = {isa = PBXFileReference; lastKnownFileType = sourcecode.swift; path = FavPlaces.swift; sourceTree = "<group>"; };
		25544B1F2C880F8F008F1861 /* Place.swift */ = {isa = PBXFileReference; lastKnownFileType = sourcecode.swift; path = Place.swift; sourceTree = "<group>"; };
		25544B212C881030008F1861 /* CustomDiolog.swift */ = {isa = PBXFileReference; lastKnownFileType = sourcecode.swift; path = CustomDiolog.swift; sourceTree = "<group>"; };
		2572F0472C8693E6002CBF70 /* SuperherSearcher.swift */ = {isa = PBXFileReference; lastKnownFileType = sourcecode.swift; path = SuperherSearcher.swift; sourceTree = "<group>"; };
		2572F0492C869CD7002CBF70 /* ApiNetwork.swift */ = {isa = PBXFileReference; lastKnownFileType = sourcecode.swift; path = ApiNetwork.swift; sourceTree = "<group>"; };
		2572F04E2C86C196002CBF70 /* SuperheroDetail.swift */ = {isa = PBXFileReference; lastKnownFileType = sourcecode.swift; path = SuperheroDetail.swift; sourceTree = "<group>"; };
		25E827712C83F6B800C31F01 /* cursoIOS.app */ = {isa = PBXFileReference; explicitFileType = wrapper.application; includeInIndex = 0; path = cursoIOS.app; sourceTree = BUILT_PRODUCTS_DIR; };
		25E827742C83F6B800C31F01 /* cursoIOSApp.swift */ = {isa = PBXFileReference; lastKnownFileType = sourcecode.swift; path = cursoIOSApp.swift; sourceTree = "<group>"; };
		25E827762C83F6B800C31F01 /* Excercise1.swift */ = {isa = PBXFileReference; lastKnownFileType = sourcecode.swift; path = Excercise1.swift; sourceTree = "<group>"; };
		25E827782C83F6B900C31F01 /* Assets.xcassets */ = {isa = PBXFileReference; lastKnownFileType = folder.assetcatalog; path = Assets.xcassets; sourceTree = "<group>"; };
		25E8277B2C83F6B900C31F01 /* Preview Assets.xcassets */ = {isa = PBXFileReference; lastKnownFileType = folder.assetcatalog; path = "Preview Assets.xcassets"; sourceTree = "<group>"; };
		25E827832C841DA300C31F01 /* MainView.swift */ = {isa = PBXFileReference; lastKnownFileType = sourcecode.swift; path = MainView.swift; sourceTree = "<group>"; };
		25E827862C84217D00C31F01 /* TextExample.swift */ = {isa = PBXFileReference; lastKnownFileType = sourcecode.swift; path = TextExample.swift; sourceTree = "<group>"; };
		25E827882C84230500C31F01 /* ImageExample.swift */ = {isa = PBXFileReference; lastKnownFileType = sourcecode.swift; path = ImageExample.swift; sourceTree = "<group>"; };
/* End PBXFileReference section */

/* Begin PBXFrameworksBuildPhase section */
		25E8276E2C83F6B800C31F01 /* Frameworks */ = {
			isa = PBXFrameworksBuildPhase;
			buildActionMask = 2147483647;
			files = (
				2572F04D2C86A446002CBF70 /* SDWebImageSwiftUI in Frameworks */,
			);
			runOnlyForDeploymentPostprocessing = 0;
		};
/* End PBXFrameworksBuildPhase section */

/* Begin PBXGroup section */
		25294FAA2C85360900FCA19B /* IMC */ = {
			isa = PBXGroup;
			children = (
				25294FAB2C85361E00FCA19B /* IMCView.swift */,
				25294FAD2C85505600FCA19B /* IMCResult.swift */,
			);
			path = IMC;
			sourceTree = "<group>";
		};
		25544B1B2C880155008F1861 /* FacPlaces */ = {
			isa = PBXGroup;
			children = (
				25544B1E2C880F85008F1861 /* model */,
				25544B1C2C8809B6008F1861 /* FavPlaces.swift */,
			);
			path = FacPlaces;
			sourceTree = "<group>";
		};
		25544B1E2C880F85008F1861 /* model */ = {
			isa = PBXGroup;
			children = (
				25544B1F2C880F8F008F1861 /* Place.swift */,
			);
			path = model;
			sourceTree = "<group>";
		};
		2572F0462C8693D5002CBF70 /* Superhero */ = {
			isa = PBXGroup;
			children = (
				2572F0472C8693E6002CBF70 /* SuperherSearcher.swift */,
				2572F0492C869CD7002CBF70 /* ApiNetwork.swift */,
				2572F04E2C86C196002CBF70 /* SuperheroDetail.swift */,
			);
			path = Superhero;
			sourceTree = "<group>";
		};
		25E827682C83F6B800C31F01 = {
			isa = PBXGroup;
			children = (
				25E827732C83F6B800C31F01 /* cursoIOS */,
				25E827722C83F6B800C31F01 /* Products */,
			);
			sourceTree = "<group>";
		};
		25E827722C83F6B800C31F01 /* Products */ = {
			isa = PBXGroup;
			children = (
				25E827712C83F6B800C31F01 /* cursoIOS.app */,
			);
			name = Products;
			sourceTree = "<group>";
		};
		25E827732C83F6B800C31F01 /* cursoIOS */ = {
			isa = PBXGroup;
			children = (
				25544B1B2C880155008F1861 /* FacPlaces */,
				2572F0462C8693D5002CBF70 /* Superhero */,
				25294FAA2C85360900FCA19B /* IMC */,
				25E827852C841DD300C31F01 /* Components */,
				25E827822C841CF200C31F01 /* Excercises */,
				25E827742C83F6B800C31F01 /* cursoIOSApp.swift */,
				25294FA82C85329C00FCA19B /* MenuView.swift */,
				25E827832C841DA300C31F01 /* MainView.swift */,
				25E827782C83F6B900C31F01 /* Assets.xcassets */,
				25E8277A2C83F6B900C31F01 /* Preview Content */,
			);
			path = cursoIOS;
			sourceTree = "<group>";
		};
		25E8277A2C83F6B900C31F01 /* Preview Content */ = {
			isa = PBXGroup;
			children = (
				25E8277B2C83F6B900C31F01 /* Preview Assets.xcassets */,
			);
			path = "Preview Content";
			sourceTree = "<group>";
		};
		25E827822C841CF200C31F01 /* Excercises */ = {
			isa = PBXGroup;
			children = (
				25E827762C83F6B800C31F01 /* Excercise1.swift */,
			);
			path = Excercises;
			sourceTree = "<group>";
		};
		25E827852C841DD300C31F01 /* Components */ = {
			isa = PBXGroup;
			children = (
				25E827862C84217D00C31F01 /* TextExample.swift */,
				25E827882C84230500C31F01 /* ImageExample.swift */,
				25294FA22C852B1800FCA19B /* LabelExample.swift */,
				25294FA42C852BDB00FCA19B /* ButtonExample.swift */,
				25294FA62C852D7B00FCA19B /* TextFieldExample.swift */,
				25294FAF2C855DD200FCA19B /* ListExample.swift */,
				25544B192C877CAF008F1861 /* MapExample.swift */,
				25544B212C881030008F1861 /* CustomDiolog.swift */,
			);
			path = Components;
			sourceTree = "<group>";
		};
/* End PBXGroup section */

/* Begin PBXNativeTarget section */
		25E827702C83F6B800C31F01 /* cursoIOS */ = {
			isa = PBXNativeTarget;
			buildConfigurationList = 25E8277F2C83F6B900C31F01 /* Build configuration list for PBXNativeTarget "cursoIOS" */;
			buildPhases = (
				25E8276D2C83F6B800C31F01 /* Sources */,
				25E8276E2C83F6B800C31F01 /* Frameworks */,
				25E8276F2C83F6B800C31F01 /* Resources */,
			);
			buildRules = (
			);
			dependencies = (
			);
			name = cursoIOS;
			packageProductDependencies = (
				2572F04C2C86A446002CBF70 /* SDWebImageSwiftUI */,
			);
			productName = cursoIOS;
			productReference = 25E827712C83F6B800C31F01 /* cursoIOS.app */;
			productType = "com.apple.product-type.application";
		};
/* End PBXNativeTarget section */

/* Begin PBXProject section */
		25E827692C83F6B800C31F01 /* Project object */ = {
			isa = PBXProject;
			attributes = {
				BuildIndependentTargetsInParallel = 1;
				LastSwiftUpdateCheck = 1540;
				LastUpgradeCheck = 1540;
				TargetAttributes = {
					25E827702C83F6B800C31F01 = {
						CreatedOnToolsVersion = 15.4;
					};
				};
			};
			buildConfigurationList = 25E8276C2C83F6B800C31F01 /* Build configuration list for PBXProject "cursoIOS" */;
			compatibilityVersion = "Xcode 14.0";
			developmentRegion = en;
			hasScannedForEncodings = 0;
			knownRegions = (
				en,
				Base,
			);
			mainGroup = 25E827682C83F6B800C31F01;
			packageReferences = (
				2572F04B2C86A446002CBF70 /* XCRemoteSwiftPackageReference "SDWebImageSwiftUI" */,
			);
			productRefGroup = 25E827722C83F6B800C31F01 /* Products */;
			projectDirPath = "";
			projectRoot = "";
			targets = (
				25E827702C83F6B800C31F01 /* cursoIOS */,
			);
		};
/* End PBXProject section */

/* Begin PBXResourcesBuildPhase section */
		25E8276F2C83F6B800C31F01 /* Resources */ = {
			isa = PBXResourcesBuildPhase;
			buildActionMask = 2147483647;
			files = (
				25E8277C2C83F6B900C31F01 /* Preview Assets.xcassets in Resources */,
				25E827792C83F6B900C31F01 /* Assets.xcassets in Resources */,
			);
			runOnlyForDeploymentPostprocessing = 0;
		};
/* End PBXResourcesBuildPhase section */

/* Begin PBXSourcesBuildPhase section */
		25E8276D2C83F6B800C31F01 /* Sources */ = {
			isa = PBXSourcesBuildPhase;
			buildActionMask = 2147483647;
			files = (
				25E827772C83F6B800C31F01 /* Excercise1.swift in Sources */,
				25544B1D2C8809B6008F1861 /* FavPlaces.swift in Sources */,
				25294FA52C852BDB00FCA19B /* ButtonExample.swift in Sources */,
				25294FA32C852B1800FCA19B /* LabelExample.swift in Sources */,
				25E827872C84217D00C31F01 /* TextExample.swift in Sources */,
				25544B222C881030008F1861 /* CustomDiolog.swift in Sources */,
				25294FB02C855DD200FCA19B /* ListExample.swift in Sources */,
				25544B1A2C877CAF008F1861 /* MapExample.swift in Sources */,
				25294FAE2C85505600FCA19B /* IMCResult.swift in Sources */,
				25294FA92C85329C00FCA19B /* MenuView.swift in Sources */,
				25E827842C841DA300C31F01 /* MainView.swift in Sources */,
				25E827892C84230500C31F01 /* ImageExample.swift in Sources */,
				25294FA72C852D7B00FCA19B /* TextFieldExample.swift in Sources */,
				2572F0482C8693E6002CBF70 /* SuperherSearcher.swift in Sources */,
				2572F04F2C86C196002CBF70 /* SuperheroDetail.swift in Sources */,
				25294FAC2C85361E00FCA19B /* IMCView.swift in Sources */,
				25544B202C880F8F008F1861 /* Place.swift in Sources */,
				25E827752C83F6B800C31F01 /* cursoIOSApp.swift in Sources */,
				2572F04A2C869CD7002CBF70 /* ApiNetwork.swift in Sources */,
			);
			runOnlyForDeploymentPostprocessing = 0;
		};
/* End PBXSourcesBuildPhase section */

/* Begin XCBuildConfiguration section */
		25E8277D2C83F6B900C31F01 /* Debug */ = {
			isa = XCBuildConfiguration;
			buildSettings = {
				ALWAYS_SEARCH_USER_PATHS = NO;
				ASSETCATALOG_COMPILER_GENERATE_SWIFT_ASSET_SYMBOL_EXTENSIONS = YES;
				CLANG_ANALYZER_NONNULL = YES;
				CLANG_ANALYZER_NUMBER_OBJECT_CONVERSION = YES_AGGRESSIVE;
				CLANG_CXX_LANGUAGE_STANDARD = "gnu++20";
				CLANG_ENABLE_MODULES = YES;
				CLANG_ENABLE_OBJC_ARC = YES;
				CLANG_ENABLE_OBJC_WEAK = YES;
				CLANG_WARN_BLOCK_CAPTURE_AUTORELEASING = YES;
				CLANG_WARN_BOOL_CONVERSION = YES;
				CLANG_WARN_COMMA = YES;
				CLANG_WARN_CONSTANT_CONVERSION = YES;
				CLANG_WARN_DEPRECATED_OBJC_IMPLEMENTATIONS = YES;
				CLANG_WARN_DIRECT_OBJC_ISA_USAGE = YES_ERROR;
				CLANG_WARN_DOCUMENTATION_COMMENTS = YES;
				CLANG_WARN_EMPTY_BODY = YES;
				CLANG_WARN_ENUM_CONVERSION = YES;
				CLANG_WARN_INFINITE_RECURSION = YES;
				CLANG_WARN_INT_CONVERSION = YES;
				CLANG_WARN_NON_LITERAL_NULL_CONVERSION = YES;
				CLANG_WARN_OBJC_IMPLICIT_RETAIN_SELF = YES;
				CLANG_WARN_OBJC_LITERAL_CONVERSION = YES;
				CLANG_WARN_OBJC_ROOT_CLASS = YES_ERROR;
				CLANG_WARN_QUOTED_INCLUDE_IN_FRAMEWORK_HEADER = YES;
				CLANG_WARN_RANGE_LOOP_ANALYSIS = YES;
				CLANG_WARN_STRICT_PROTOTYPES = YES;
				CLANG_WARN_SUSPICIOUS_MOVE = YES;
				CLANG_WARN_UNGUARDED_AVAILABILITY = YES_AGGRESSIVE;
				CLANG_WARN_UNREACHABLE_CODE = YES;
				CLANG_WARN__DUPLICATE_METHOD_MATCH = YES;
				COPY_PHASE_STRIP = NO;
				DEBUG_INFORMATION_FORMAT = dwarf;
				ENABLE_STRICT_OBJC_MSGSEND = YES;
				ENABLE_TESTABILITY = YES;
				ENABLE_USER_SCRIPT_SANDBOXING = YES;
				GCC_C_LANGUAGE_STANDARD = gnu17;
				GCC_DYNAMIC_NO_PIC = NO;
				GCC_NO_COMMON_BLOCKS = YES;
				GCC_OPTIMIZATION_LEVEL = 0;
				GCC_PREPROCESSOR_DEFINITIONS = (
					"DEBUG=1",
					"$(inherited)",
				);
				GCC_WARN_64_TO_32_BIT_CONVERSION = YES;
				GCC_WARN_ABOUT_RETURN_TYPE = YES_ERROR;
				GCC_WARN_UNDECLARED_SELECTOR = YES;
				GCC_WARN_UNINITIALIZED_AUTOS = YES_AGGRESSIVE;
				GCC_WARN_UNUSED_FUNCTION = YES;
				GCC_WARN_UNUSED_VARIABLE = YES;
				IPHONEOS_DEPLOYMENT_TARGET = 17.5;
				LOCALIZATION_PREFERS_STRING_CATALOGS = YES;
				MTL_ENABLE_DEBUG_INFO = INCLUDE_SOURCE;
				MTL_FAST_MATH = YES;
				ONLY_ACTIVE_ARCH = YES;
				SDKROOT = iphoneos;
				SWIFT_ACTIVE_COMPILATION_CONDITIONS = "DEBUG $(inherited)";
				SWIFT_OPTIMIZATION_LEVEL = "-Onone";
			};
			name = Debug;
		};
		25E8277E2C83F6B900C31F01 /* Release */ = {
			isa = XCBuildConfiguration;
			buildSettings = {
				ALWAYS_SEARCH_USER_PATHS = NO;
				ASSETCATALOG_COMPILER_GENERATE_SWIFT_ASSET_SYMBOL_EXTENSIONS = YES;
				CLANG_ANALYZER_NONNULL = YES;
				CLANG_ANALYZER_NUMBER_OBJECT_CONVERSION = YES_AGGRESSIVE;
				CLANG_CXX_LANGUAGE_STANDARD = "gnu++20";
				CLANG_ENABLE_MODULES = YES;
				CLANG_ENABLE_OBJC_ARC = YES;
				CLANG_ENABLE_OBJC_WEAK = YES;
				CLANG_WARN_BLOCK_CAPTURE_AUTORELEASING = YES;
				CLANG_WARN_BOOL_CONVERSION = YES;
				CLANG_WARN_COMMA = YES;
				CLANG_WARN_CONSTANT_CONVERSION = YES;
				CLANG_WARN_DEPRECATED_OBJC_IMPLEMENTATIONS = YES;
				CLANG_WARN_DIRECT_OBJC_ISA_USAGE = YES_ERROR;
				CLANG_WARN_DOCUMENTATION_COMMENTS = YES;
				CLANG_WARN_EMPTY_BODY = YES;
				CLANG_WARN_ENUM_CONVERSION = YES;
				CLANG_WARN_INFINITE_RECURSION = YES;
				CLANG_WARN_INT_CONVERSION = YES;
				CLANG_WARN_NON_LITERAL_NULL_CONVERSION = YES;
				CLANG_WARN_OBJC_IMPLICIT_RETAIN_SELF = YES;
				CLANG_WARN_OBJC_LITERAL_CONVERSION = YES;
				CLANG_WARN_OBJC_ROOT_CLASS = YES_ERROR;
				CLANG_WARN_QUOTED_INCLUDE_IN_FRAMEWORK_HEADER = YES;
				CLANG_WARN_RANGE_LOOP_ANALYSIS = YES;
				CLANG_WARN_STRICT_PROTOTYPES = YES;
				CLANG_WARN_SUSPICIOUS_MOVE = YES;
				CLANG_WARN_UNGUARDED_AVAILABILITY = YES_AGGRESSIVE;
				CLANG_WARN_UNREACHABLE_CODE = YES;
				CLANG_WARN__DUPLICATE_METHOD_MATCH = YES;
				COPY_PHASE_STRIP = NO;
				DEBUG_INFORMATION_FORMAT = "dwarf-with-dsym";
				ENABLE_NS_ASSERTIONS = NO;
				ENABLE_STRICT_OBJC_MSGSEND = YES;
				ENABLE_USER_SCRIPT_SANDBOXING = YES;
				GCC_C_LANGUAGE_STANDARD = gnu17;
				GCC_NO_COMMON_BLOCKS = YES;
				GCC_WARN_64_TO_32_BIT_CONVERSION = YES;
				GCC_WARN_ABOUT_RETURN_TYPE = YES_ERROR;
				GCC_WARN_UNDECLARED_SELECTOR = YES;
				GCC_WARN_UNINITIALIZED_AUTOS = YES_AGGRESSIVE;
				GCC_WARN_UNUSED_FUNCTION = YES;
				GCC_WARN_UNUSED_VARIABLE = YES;
				IPHONEOS_DEPLOYMENT_TARGET = 17.5;
				LOCALIZATION_PREFERS_STRING_CATALOGS = YES;
				MTL_ENABLE_DEBUG_INFO = NO;
				MTL_FAST_MATH = YES;
				SDKROOT = iphoneos;
				SWIFT_COMPILATION_MODE = wholemodule;
				VALIDATE_PRODUCT = YES;
			};
			name = Release;
		};
		25E827802C83F6B900C31F01 /* Debug */ = {
			isa = XCBuildConfiguration;
			buildSettings = {
				ASSETCATALOG_COMPILER_APPICON_NAME = AppIcon;
				ASSETCATALOG_COMPILER_GLOBAL_ACCENT_COLOR_NAME = AccentColor;
				CODE_SIGN_STYLE = Automatic;
				CURRENT_PROJECT_VERSION = 1;
				DEVELOPMENT_ASSET_PATHS = "\"cursoIOS/Preview Content\"";
				ENABLE_PREVIEWS = YES;
				GENERATE_INFOPLIST_FILE = YES;
				INFOPLIST_KEY_UIApplicationSceneManifest_Generation = YES;
				INFOPLIST_KEY_UIApplicationSupportsIndirectInputEvents = YES;
				INFOPLIST_KEY_UILaunchScreen_Generation = YES;
				INFOPLIST_KEY_UISupportedInterfaceOrientations_iPad = "UIInterfaceOrientationPortrait UIInterfaceOrientationPortraitUpsideDown UIInterfaceOrientationLandscapeLeft UIInterfaceOrientationLandscapeRight";
				INFOPLIST_KEY_UISupportedInterfaceOrientations_iPhone = "UIInterfaceOrientationPortrait UIInterfaceOrientationLandscapeLeft UIInterfaceOrientationLandscapeRight";
				LD_RUNPATH_SEARCH_PATHS = (
					"$(inherited)",
					"@executable_path/Frameworks",
				);
				MARKETING_VERSION = 1.0;
				PRODUCT_BUNDLE_IDENTIFIER = com.mario8a.cursoIOS;
				PRODUCT_NAME = "$(TARGET_NAME)";
				SWIFT_EMIT_LOC_STRINGS = YES;
				SWIFT_VERSION = 5.0;
				TARGETED_DEVICE_FAMILY = "1,2";
			};
			name = Debug;
		};
		25E827812C83F6B900C31F01 /* Release */ = {
			isa = XCBuildConfiguration;
			buildSettings = {
				ASSETCATALOG_COMPILER_APPICON_NAME = AppIcon;
				ASSETCATALOG_COMPILER_GLOBAL_ACCENT_COLOR_NAME = AccentColor;
				CODE_SIGN_STYLE = Automatic;
				CURRENT_PROJECT_VERSION = 1;
				DEVELOPMENT_ASSET_PATHS = "\"cursoIOS/Preview Content\"";
				ENABLE_PREVIEWS = YES;
				GENERATE_INFOPLIST_FILE = YES;
				INFOPLIST_KEY_UIApplicationSceneManifest_Generation = YES;
				INFOPLIST_KEY_UIApplicationSupportsIndirectInputEvents = YES;
				INFOPLIST_KEY_UILaunchScreen_Generation = YES;
				INFOPLIST_KEY_UISupportedInterfaceOrientations_iPad = "UIInterfaceOrientationPortrait UIInterfaceOrientationPortraitUpsideDown UIInterfaceOrientationLandscapeLeft UIInterfaceOrientationLandscapeRight";
				INFOPLIST_KEY_UISupportedInterfaceOrientations_iPhone = "UIInterfaceOrientationPortrait UIInterfaceOrientationLandscapeLeft UIInterfaceOrientationLandscapeRight";
				LD_RUNPATH_SEARCH_PATHS = (
					"$(inherited)",
					"@executable_path/Frameworks",
				);
				MARKETING_VERSION = 1.0;
				PRODUCT_BUNDLE_IDENTIFIER = com.mario8a.cursoIOS;
				PRODUCT_NAME = "$(TARGET_NAME)";
				SWIFT_EMIT_LOC_STRINGS = YES;
				SWIFT_VERSION = 5.0;
				TARGETED_DEVICE_FAMILY = "1,2";
			};
			name = Release;
		};
/* End XCBuildConfiguration section */

/* Begin XCConfigurationList section */
		25E8276C2C83F6B800C31F01 /* Build configuration list for PBXProject "cursoIOS" */ = {
			isa = XCConfigurationList;
			buildConfigurations = (
				25E8277D2C83F6B900C31F01 /* Debug */,
				25E8277E2C83F6B900C31F01 /* Release */,
			);
			defaultConfigurationIsVisible = 0;
			defaultConfigurationName = Release;
		};
		25E8277F2C83F6B900C31F01 /* Build configuration list for PBXNativeTarget "cursoIOS" */ = {
			isa = XCConfigurationList;
			buildConfigurations = (
				25E827802C83F6B900C31F01 /* Debug */,
				25E827812C83F6B900C31F01 /* Release */,
			);
			defaultConfigurationIsVisible = 0;
			defaultConfigurationName = Release;
		};
/* End XCConfigurationList section */

/* Begin XCRemoteSwiftPackageReference section */
		2572F04B2C86A446002CBF70 /* XCRemoteSwiftPackageReference "SDWebImageSwiftUI" */ = {
			isa = XCRemoteSwiftPackageReference;
			repositoryURL = "https://github.com/SDWebImage/SDWebImageSwiftUI";
			requirement = {
				kind = upToNextMajorVersion;
				minimumVersion = 3.1.2;
			};
		};
/* End XCRemoteSwiftPackageReference section */

/* Begin XCSwiftPackageProductDependency section */
		2572F04C2C86A446002CBF70 /* SDWebImageSwiftUI */ = {
			isa = XCSwiftPackageProductDependency;
			package = 2572F04B2C86A446002CBF70 /* XCRemoteSwiftPackageReference "SDWebImageSwiftUI" */;
			productName = SDWebImageSwiftUI;
		};
/* End XCSwiftPackageProductDependency section */
	};
	rootObject = 25E827692C83F6B800C31F01 /* Project object */;
}
